(list (channel
        (name 'guix)
        (url "https://git.guix.gnu.org/guix.git")
        (branch "master")
        (commit
          "c13b02491f16c9b61077e8ecc010244e66cfd123")
        (introduction
          (make-channel-introduction
            "9edb3f66fd807b096b48283debdcddccfea34bad"
            (openpgp-fingerprint
              "BBB0 2DDF 2CEA F6A8 0D1D  E643 A2A0 6DF2 A33A 54FA"))))
      (channel
        (name 'nonguix)
        (url "https://gitlab.com/nonguix/nonguix")
        (branch "master")
        (commit
          "53c477b3e0a45b3bd0036647ac805a8f5e8f71d0")
        (introduction
          (make-channel-introduction
            "897c1a470da759236cc11798f4e0a5f7d4d59fbc"
            (openpgp-fingerprint
              "2A39 3FFF 68F4 EF7A 3D29  12AF 6F51 20A0 22FB B2D5"))))
      (channel
        (name 'sops-guix)
        (url "https://github.com/fishinthecalculator/sops-guix")
        (branch "main")
        (commit
          "381880aee336faf8d5e3562abced369c9ea1c3cc")
        (introduction
          (make-channel-introduction
            "0bbaf1fdd25266c7df790f65640aaa01e6d2dbc9"
            (openpgp-fingerprint
              "8D10 60B9 6BB8 292E 829B  7249 AED4 1CC1 93B7 01E2"))))
      (channel
        (name 'personal)
        (url "https://github.com/sarg/dotfiles")
        (branch "master")
        (commit
          "d3d702cb86b96e81d5afc2310e252cf9df4e50af")))
