(list (channel
        (name 'guix)
        (url "https://git.guix.gnu.org/guix.git")
        (branch "master")
        (commit
          "8e95db160ee6b2e8b21a5f17c07fb71e5b686988")
        (introduction
          (make-channel-introduction
            "9edb3f66fd807b096b48283debdcddccfea34bad"
            (openpgp-fingerprint
              "BBB0 2DDF 2CEA F6A8 0D1D  E643 A2A0 6DF2 A33A 54FA"))))
      (channel
        (name 'nonguix)
        (url "https://gitlab.com/nonguix/nonguix")
        (branch "master")
        (commit
          "fb6696c598f630ff46fe542a0523d47a788abaa0")
        (introduction
          (make-channel-introduction
            "897c1a470da759236cc11798f4e0a5f7d4d59fbc"
            (openpgp-fingerprint
              "2A39 3FFF 68F4 EF7A 3D29  12AF 6F51 20A0 22FB B2D5"))))
      (channel
        (name 'sops-guix)
        (url "https://github.com/fishinthecalculator/sops-guix")
        (branch "main")
        (commit
          "89f46bc4686504763f49e6b34c596720d347d8da")
        (introduction
          (make-channel-introduction
            "0bbaf1fdd25266c7df790f65640aaa01e6d2dbc9"
            (openpgp-fingerprint
              "8D10 60B9 6BB8 292E 829B  7249 AED4 1CC1 93B7 01E2"))))
      (channel
        (name 'personal)
        (url "https://github.com/sarg/dotfiles")
        (branch "master")
        (commit
          "8b695586af516086d4bcc86b2594af64dd56e871")))
