(list (channel
        (name 'guix)
        (url "https://git.guix.gnu.org/guix.git")
        (branch "master")
        (commit
          "5239ec21fda51687671c6667a3bffbcd32bbc9d5")
        (introduction
          (make-channel-introduction
            "9edb3f66fd807b096b48283debdcddccfea34bad"
            (openpgp-fingerprint
              "BBB0 2DDF 2CEA F6A8 0D1D  E643 A2A0 6DF2 A33A 54FA"))))
      (channel
        (name 'nonguix)
        (url "https://gitlab.com/nonguix/nonguix")
        (branch "master")
        (commit
          "94c750ad596f513d5659ce9909022ed09f864537")
        (introduction
          (make-channel-introduction
            "897c1a470da759236cc11798f4e0a5f7d4d59fbc"
            (openpgp-fingerprint
              "2A39 3FFF 68F4 EF7A 3D29  12AF 6F51 20A0 22FB B2D5"))))
      (channel
        (name 'sops-guix)
        (url "https://github.com/fishinthecalculator/sops-guix")
        (branch "main")
        (commit
          "8005f05fb1790cad007df3835798f4563e5ca550")
        (introduction
          (make-channel-introduction
            "0bbaf1fdd25266c7df790f65640aaa01e6d2dbc9"
            (openpgp-fingerprint
              "8D10 60B9 6BB8 292E 829B  7249 AED4 1CC1 93B7 01E2"))))
      (channel
        (name 'personal)
        (url "https://github.com/sarg/dotfiles")
        (branch "master")
        (commit
          "776a48ca5effb58af72474f0a594169109236ab6")))
